
Microsoft Visual Studio Solution File, Format Version 12.00
# Visual Studio 15
Project("{FAE04EC0-301F-11D3-BF4B-00C04F79EFBC}") = "September2020", "September2020\September2020.csproj", "{DB611BA4-692F-4845-9E33-52B8A80A8FD6}"
EndProject
Global
	GlobalSection(SolutionConfigurationPlatforms) = preSolution
		Debug|Any CPU = Debug|Any CPU
		Release|Any CPU = Release|Any CPU
	EndGlobalSection
	GlobalSection(ProjectConfigurationPlatforms) = postSolution
		{DB611BA4-692F-4845-9E33-52B8A80A8FD6}.Debug|Any CPU.ActiveCfg = Debug|Any CPU
		{DB611BA4-692F-4845-9E33-52B8A80A8FD6}.Debug|Any CPU.Build.0 = Debug|Any CPU
		{DB611BA4-692F-4845-9E33-52B8A80A8FD6}.Release|Any CPU.ActiveCfg = Release|Any CPU
		{DB611BA4-692F-4845-9E33-52B8A80A8FD6}.Release|Any CPU.Build.0 = Release|Any CPU
	EndGlobalSection
EndGlobal
